
Microsoft Visual Studio Solution File, Format Version 12.00
Project("{FAE04EC0-301F-11D3-BF4B-00C04F79EFBC}") = "GuardCarGUI", "GuardCarGUI\GuardCarGUI.csproj", "{55AF7C69-E7BA-43EA-85E4-56BC0047BC7F}"
EndProject
Global
	GlobalSection(SolutionConfigurationPlatforms) = preSolution
		Debug|Any CPU = Debug|Any CPU
		Release|Any CPU = Release|Any CPU
	EndGlobalSection
	GlobalSection(ProjectConfigurationPlatforms) = postSolution
		{55AF7C69-E7BA-43EA-85E4-56BC0047BC7F}.Debug|Any CPU.ActiveCfg = Debug|Any CPU
		{55AF7C69-E7BA-43EA-85E4-56BC0047BC7F}.Debug|Any CPU.Build.0 = Debug|Any CPU
		{55AF7C69-E7BA-43EA-85E4-56BC0047BC7F}.Release|Any CPU.ActiveCfg = Release|Any CPU
		{55AF7C69-E7BA-43EA-85E4-56BC0047BC7F}.Release|Any CPU.Build.0 = Release|Any CPU
	EndGlobalSection
EndGlobal
